
Microsoft Visual Studio Solution File, Format Version 12.00
# Visual Studio 14
VisualStudioVersion = 14.0.25420.1
MinimumVisualStudioVersion = 10.0.40219.1
Project("{2150E333-8FDC-42A3-9474-1A3956D46DE8}") = "src", "src", "{0128E46B-2B91-40B5-A699-7C2A97595464}"
EndProject
Project("{2150E333-8FDC-42A3-9474-1A3956D46DE8}") = "Solution Items", "Solution Items", "{671211C3-856C-4A44-8ECB-457FDED2C347}"
	ProjectSection(SolutionItems) = preProject
		global.json = global.json
	EndProjectSection
EndProject
Project("{8BB2217D-0F2D-49D1-97BC-3654ED321F3B}") = "TODO_APP1", "src\TODO_APP1\TODO_APP1.xproj", "{DD2EDD3A-A5E9-4321-9930-C0D74D08E1B3}"
EndProject
Global
	GlobalSection(SolutionConfigurationPlatforms) = preSolution
		Debug|Any CPU = Debug|Any CPU
		Release|Any CPU = Release|Any CPU
	EndGlobalSection
	GlobalSection(ProjectConfigurationPlatforms) = postSolution
		{DD2EDD3A-A5E9-4321-9930-C0D74D08E1B3}.Debug|Any CPU.ActiveCfg = Debug|Any CPU
		{DD2EDD3A-A5E9-4321-9930-C0D74D08E1B3}.Debug|Any CPU.Build.0 = Debug|Any CPU
		{DD2EDD3A-A5E9-4321-9930-C0D74D08E1B3}.Release|Any CPU.ActiveCfg = Release|Any CPU
		{DD2EDD3A-A5E9-4321-9930-C0D74D08E1B3}.Release|Any CPU.Build.0 = Release|Any CPU
	EndGlobalSection
	GlobalSection(SolutionProperties) = preSolution
		HideSolutionNode = FALSE
	EndGlobalSection
	GlobalSection(NestedProjects) = preSolution
		{DD2EDD3A-A5E9-4321-9930-C0D74D08E1B3} = {0128E46B-2B91-40B5-A699-7C2A97595464}
	EndGlobalSection
EndGlobal
